
Microsoft Visual Studio Solution File, Format Version 12.00
# Visual Studio Version 17
VisualStudioVersion = 17.2.32616.157
MinimumVisualStudioVersion = 10.0.40219.1
Project("{FAE04EC0-301F-11D3-BF4B-00C04F79EFBC}") = "WpfApp2", "WpfApp2.csproj", "{E47F642A-62D7-45F6-8692-C011D1E19C82}"
EndProject
Global
	GlobalSection(SolutionConfigurationPlatforms) = preSolution
		Debug|Any CPU = Debug|Any CPU
		Release|Any CPU = Release|Any CPU
	EndGlobalSection
	GlobalSection(ProjectConfigurationPlatforms) = postSolution
		{E47F642A-62D7-45F6-8692-C011D1E19C82}.Debug|Any CPU.ActiveCfg = Debug|Any CPU
		{E47F642A-62D7-45F6-8692-C011D1E19C82}.Debug|Any CPU.Build.0 = Debug|Any CPU
		{E47F642A-62D7-45F6-8692-C011D1E19C82}.Release|Any CPU.ActiveCfg = Release|Any CPU
		{E47F642A-62D7-45F6-8692-C011D1E19C82}.Release|Any CPU.Build.0 = Release|Any CPU
	EndGlobalSection
	GlobalSection(SolutionProperties) = preSolution
		HideSolutionNode = FALSE
	EndGlobalSection
	GlobalSection(ExtensibilityGlobals) = postSolution
		SolutionGuid = {8AF22CD5-291B-4E36-829D-8CD8491B9966}
	EndGlobalSection
EndGlobal
